
Microsoft Visual Studio Solution File, Format Version 12.00
# Visual Studio Version 16
VisualStudioVersion = 16.0.31424.327
MinimumVisualStudioVersion = 10.0.40219.1
Project("{FAE04EC0-301F-11D3-BF4B-00C04F79EFBC}") = "BlazingShop.Server", "BlazingShop\Server\BlazingShop.Server.csproj", "{F7BB65E6-48C0-4FC0-A640-AFBBD69B6477}"
EndProject
Project("{FAE04EC0-301F-11D3-BF4B-00C04F79EFBC}") = "BlazingShop.Client", "BlazingShop\Client\BlazingShop.Client.csproj", "{2AD3EEEB-45D1-472E-9971-E5A7B16611DD}"
EndProject
Project("{FAE04EC0-301F-11D3-BF4B-00C04F79EFBC}") = "BlazingShop.Shared", "BlazingShop\Shared\BlazingShop.Shared.csproj", "{36973A12-7879-4642-8633-7620A9345A7B}"
EndProject
Global
	GlobalSection(SolutionConfigurationPlatforms) = preSolution
		Debug|Any CPU = Debug|Any CPU
		Release|Any CPU = Release|Any CPU
	EndGlobalSection
	GlobalSection(ProjectConfigurationPlatforms) = postSolution
		{F7BB65E6-48C0-4FC0-A640-AFBBD69B6477}.Debug|Any CPU.ActiveCfg = Debug|Any CPU
		{F7BB65E6-48C0-4FC0-A640-AFBBD69B6477}.Debug|Any CPU.Build.0 = Debug|Any CPU
		{F7BB65E6-48C0-4FC0-A640-AFBBD69B6477}.Release|Any CPU.ActiveCfg = Release|Any CPU
		{F7BB65E6-48C0-4FC0-A640-AFBBD69B6477}.Release|Any CPU.Build.0 = Release|Any CPU
		{2AD3EEEB-45D1-472E-9971-E5A7B16611DD}.Debug|Any CPU.ActiveCfg = Debug|Any CPU
		{2AD3EEEB-45D1-472E-9971-E5A7B16611DD}.Debug|Any CPU.Build.0 = Debug|Any CPU
		{2AD3EEEB-45D1-472E-9971-E5A7B16611DD}.Release|Any CPU.ActiveCfg = Release|Any CPU
		{2AD3EEEB-45D1-472E-9971-E5A7B16611DD}.Release|Any CPU.Build.0 = Release|Any CPU
		{36973A12-7879-4642-8633-7620A9345A7B}.Debug|Any CPU.ActiveCfg = Debug|Any CPU
		{36973A12-7879-4642-8633-7620A9345A7B}.Debug|Any CPU.Build.0 = Debug|Any CPU
		{36973A12-7879-4642-8633-7620A9345A7B}.Release|Any CPU.ActiveCfg = Release|Any CPU
		{36973A12-7879-4642-8633-7620A9345A7B}.Release|Any CPU.Build.0 = Release|Any CPU
	EndGlobalSection
	GlobalSection(SolutionProperties) = preSolution
		HideSolutionNode = FALSE
	EndGlobalSection
	GlobalSection(ExtensibilityGlobals) = postSolution
		SolutionGuid = {68D33F62-7D9D-4C87-BF65-493135340749}
	EndGlobalSection
EndGlobal
